// !$*UTF8*$!
{
	archiveVersion = 1;
	classes = {
	};
	objectVersion = 46;
	objects = {

/* Begin PBXBuildFile section */
		2717E1C51EB7326200028496 /* Meme.swift in Sources */ = {isa = PBXBuildFile; fileRef = 2717E1C41EB7326200028496 /* Meme.swift */; };
		271B37691EDA74CC0009B083 /* TableViewController.swift in Sources */ = {isa = PBXBuildFile; fileRef = 271B37681EDA74CC0009B083 /* TableViewController.swift */; };
		271B376B1EDAB0C30009B083 /* CollectionViewController.swift in Sources */ = {isa = PBXBuildFile; fileRef = 271B376A1EDAB0C30009B083 /* CollectionViewController.swift */; };
		271B376D1EDAB4D70009B083 /* CollectionViewCell.swift in Sources */ = {isa = PBXBuildFile; fileRef = 271B376C1EDAB4D70009B083 /* CollectionViewCell.swift */; };
		2720A6751EB328A000C7B8C7 /* AppDelegate.swift in Sources */ = {isa = PBXBuildFile; fileRef = 2720A6741EB328A000C7B8C7 /* AppDelegate.swift */; };
		2720A6771EB328A000C7B8C7 /* ViewController.swift in Sources */ = {isa = PBXBuildFile; fileRef = 2720A6761EB328A000C7B8C7 /* ViewController.swift */; };
		2720A67A1EB328A000C7B8C7 /* Main.storyboard in Resources */ = {isa = PBXBuildFile; fileRef = 2720A6781EB328A000C7B8C7 /* Main.storyboard */; };
		2720A67C1EB328A000C7B8C7 /* Assets.xcassets in Resources */ = {isa = PBXBuildFile; fileRef = 2720A67B1EB328A000C7B8C7 /* Assets.xcassets */; };
		2720A67F1EB328A000C7B8C7 /* LaunchScreen.storyboard in Resources */ = {isa = PBXBuildFile; fileRef = 2720A67D1EB328A000C7B8C7 /* LaunchScreen.storyboard */; };
		2747A5E71EDB65AD0050AC66 /* DetailViewController.swift in Sources */ = {isa = PBXBuildFile; fileRef = 2747A5E61EDB65AD0050AC66 /* DetailViewController.swift */; };
/* End PBXBuildFile section */

/* Begin PBXFileReference section */
		2717E1C41EB7326200028496 /* Meme.swift */ = {isa = PBXFileReference; fileEncoding = 4; lastKnownFileType = sourcecode.swift; path = Meme.swift; sourceTree = "<group>"; };
		271B37681EDA74CC0009B083 /* TableViewController.swift */ = {isa = PBXFileReference; fileEncoding = 4; lastKnownFileType = sourcecode.swift; path = TableViewController.swift; sourceTree = "<group>"; };
		271B376A1EDAB0C30009B083 /* CollectionViewController.swift */ = {isa = PBXFileReference; fileEncoding = 4; lastKnownFileType = sourcecode.swift; path = CollectionViewController.swift; sourceTree = "<group>"; };
		271B376C1EDAB4D70009B083 /* CollectionViewCell.swift */ = {isa = PBXFileReference; fileEncoding = 4; lastKnownFileType = sourcecode.swift; path = CollectionViewCell.swift; sourceTree = "<group>"; };
		2720A6711EB328A000C7B8C7 /* practice.app */ = {isa = PBXFileReference; explicitFileType = wrapper.application; includeInIndex = 0; path = practice.app; sourceTree = BUILT_PRODUCTS_DIR; };
		2720A6741EB328A000C7B8C7 /* AppDelegate.swift */ = {isa = PBXFileReference; lastKnownFileType = sourcecode.swift; path = AppDelegate.swift; sourceTree = "<group>"; };
		2720A6761EB328A000C7B8C7 /* ViewController.swift */ = {isa = PBXFileReference; lastKnownFileType = sourcecode.swift; path = ViewController.swift; sourceTree = "<group>"; };
		2720A6791EB328A000C7B8C7 /* Base */ = {isa = PBXFileReference; lastKnownFileType = file.storyboard; name = Base; path = Base.lproj/Main.storyboard; sourceTree = "<group>"; };
		2720A67B1EB328A000C7B8C7 /* Assets.xcassets */ = {isa = PBXFileReference; lastKnownFileType = folder.assetcatalog; path = Assets.xcassets; sourceTree = "<group>"; };
		2720A67E1EB328A000C7B8C7 /* Base */ = {isa = PBXFileReference; lastKnownFileType = file.storyboard; name = Base; path = Base.lproj/LaunchScreen.storyboard; sourceTree = "<group>"; };
		2720A6801EB328A000C7B8C7 /* Info.plist */ = {isa = PBXFileReference; lastKnownFileType = text.plist.xml; path = Info.plist; sourceTree = "<group>"; };
		2747A5E61EDB65AD0050AC66 /* DetailViewController.swift */ = {isa = PBXFileReference; fileEncoding = 4; lastKnownFileType = sourcecode.swift; path = DetailViewController.swift; sourceTree = "<group>"; };
/* End PBXFileReference section */

/* Begin PBXFrameworksBuildPhase section */
		2720A66E1EB328A000C7B8C7 /* Frameworks */ = {
			isa = PBXFrameworksBuildPhase;
			buildActionMask = 2147483647;
			files = (
			);
			runOnlyForDeploymentPostprocessing = 0;
		};
/* End PBXFrameworksBuildPhase section */

/* Begin PBXGroup section */
		2720A6681EB328A000C7B8C7 = {
			isa = PBXGroup;
			children = (
				2720A6731EB328A000C7B8C7 /* practice */,
				2720A6721EB328A000C7B8C7 /* Products */,
			);
			sourceTree = "<group>";
		};
		2720A6721EB328A000C7B8C7 /* Products */ = {
			isa = PBXGroup;
			children = (
				2720A6711EB328A000C7B8C7 /* practice.app */,
			);
			name = Products;
			sourceTree = "<group>";
		};
		2720A6731EB328A000C7B8C7 /* practice */ = {
			isa = PBXGroup;
			children = (
				2747A5E61EDB65AD0050AC66 /* DetailViewController.swift */,
				2720A6741EB328A000C7B8C7 /* AppDelegate.swift */,
				2717E1C41EB7326200028496 /* Meme.swift */,
				2720A6761EB328A000C7B8C7 /* ViewController.swift */,
				271B37681EDA74CC0009B083 /* TableViewController.swift */,
				271B376A1EDAB0C30009B083 /* CollectionViewController.swift */,
				271B376C1EDAB4D70009B083 /* CollectionViewCell.swift */,
				2720A6781EB328A000C7B8C7 /* Main.storyboard */,
				2720A67B1EB328A000C7B8C7 /* Assets.xcassets */,
				2720A67D1EB328A000C7B8C7 /* LaunchScreen.storyboard */,
				2720A6801EB328A000C7B8C7 /* Info.plist */,
			);
			path = practice;
			sourceTree = "<group>";
		};
/* End PBXGroup section */

/* Begin PBXNativeTarget section */
		2720A6701EB328A000C7B8C7 /* practice */ = {
			isa = PBXNativeTarget;
			buildConfigurationList = 2720A6831EB328A000C7B8C7 /* Build configuration list for PBXNativeTarget "practice" */;
			buildPhases = (
				2720A66D1EB328A000C7B8C7 /* Sources */,
				2720A66E1EB328A000C7B8C7 /* Frameworks */,
				2720A66F1EB328A000C7B8C7 /* Resources */,
			);
			buildRules = (
			);
			dependencies = (
			);
			name = practice;
			productName = practice;
			productReference = 2720A6711EB328A000C7B8C7 /* practice.app */;
			productType = "com.apple.product-type.application";
		};
/* End PBXNativeTarget section */

/* Begin PBXProject section */
		2720A6691EB328A000C7B8C7 /* Project object */ = {
			isa = PBXProject;
			attributes = {
				LastSwiftUpdateCheck = 0820;
				LastUpgradeCheck = 0920;
				ORGANIZATIONNAME = "Yohan Yi";
				TargetAttributes = {
					2720A6701EB328A000C7B8C7 = {
						CreatedOnToolsVersion = 8.2.1;
						DevelopmentTeam = 3FX78D9U2N;
						LastSwiftMigration = 0920;
						ProvisioningStyle = Automatic;
					};
				};
			};
			buildConfigurationList = 2720A66C1EB328A000C7B8C7 /* Build configuration list for PBXProject "practice" */;
			compatibilityVersion = "Xcode 3.2";
			developmentRegion = English;
			hasScannedForEncodings = 0;
			knownRegions = (
				en,
				Base,
			);
			mainGroup = 2720A6681EB328A000C7B8C7;
			productRefGroup = 2720A6721EB328A000C7B8C7 /* Products */;
			projectDirPath = "";
			projectRoot = "";
			targets = (
				2720A6701EB328A000C7B8C7 /* practice */,
			);
		};
/* End PBXProject section */

/* Begin PBXResourcesBuildPhase section */
		2720A66F1EB328A000C7B8C7 /* Resources */ = {
			isa = PBXResourcesBuildPhase;
			buildActionMask = 2147483647;
			files = (
				2720A67F1EB328A000C7B8C7 /* LaunchScreen.storyboard in Resources */,
				2720A67C1EB328A000C7B8C7 /* Assets.xcassets in Resources */,
				2720A67A1EB328A000C7B8C7 /* Main.storyboard in Resources */,
			);
			runOnlyForDeploymentPostprocessing = 0;
		};
/* End PBXResourcesBuildPhase section */

/* Begin PBXSourcesBuildPhase section */
		2720A66D1EB328A000C7B8C7 /* Sources */ = {
			isa = PBXSourcesBuildPhase;
			buildActionMask = 2147483647;
			files = (
				2717E1C51EB7326200028496 /* Meme.swift in Sources */,
				2720A6771EB328A000C7B8C7 /* ViewController.swift in Sources */,
				271B376D1EDAB4D70009B083 /* CollectionViewCell.swift in Sources */,
				2720A6751EB328A000C7B8C7 /* AppDelegate.swift in Sources */,
				271B37691EDA74CC0009B083 /* TableViewController.swift in Sources */,
				271B376B1EDAB0C30009B083 /* CollectionViewController.swift in Sources */,
				2747A5E71EDB65AD0050AC66 /* DetailViewController.swift in Sources */,
			);
			runOnlyForDeploymentPostprocessing = 0;
		};
/* End PBXSourcesBuildPhase section */

/* Begin PBXVariantGroup section */
		2720A6781EB328A000C7B8C7 /* Main.storyboard */ = {
			isa = PBXVariantGroup;
			children = (
				2720A6791EB328A000C7B8C7 /* Base */,
			);
			name = Main.storyboard;
			sourceTree = "<group>";
		};
		2720A67D1EB328A000C7B8C7 /* LaunchScreen.storyboard */ = {
			isa = PBXVariantGroup;
			children = (
				2720A67E1EB328A000C7B8C7 /* Base */,
			);
			name = LaunchScreen.storyboard;
			sourceTree = "<group>";
		};
/* End PBXVariantGroup section */

/* Begin XCBuildConfiguration section */
		2720A6811EB328A000C7B8C7 /* Debug */ = {
			isa = XCBuildConfiguration;
			buildSettings = {
				ALWAYS_SEARCH_USER_PATHS = NO;
				CLANG_ANALYZER_NONNULL = YES;
				CLANG_CXX_LANGUAGE_STANDARD = "gnu++0x";
				CLANG_CXX_LIBRARY = "libc++";
				CLANG_ENABLE_MODULES = YES;
				CLANG_ENABLE_OBJC_ARC = YES;
				CLANG_WARN_BLOCK_CAPTURE_AUTORELEASING = YES;
				CLANG_WARN_BOOL_CONVERSION = YES;
				CLANG_WARN_COMMA = YES;
				CLANG_WARN_CONSTANT_CONVERSION = YES;
				CLANG_WARN_DIRECT_OBJC_ISA_USAGE = YES_ERROR;
				CLANG_WARN_DOCUMENTATION_COMMENTS = YES;
				CLANG_WARN_EMPTY_BODY = YES;
				CLANG_WARN_ENUM_CONVERSION = YES;
				CLANG_WARN_INFINITE_RECURSION = YES;
				CLANG_WARN_INT_CONVERSION = YES;
				CLANG_WARN_NON_LITERAL_NULL_CONVERSION = YES;
				CLANG_WARN_OBJC_LITERAL_CONVERSION = YES;
				CLANG_WARN_OBJC_ROOT_CLASS = YES_ERROR;
				CLANG_WARN_RANGE_LOOP_ANALYSIS = YES;
				CLANG_WARN_STRICT_PROTOTYPES = YES;
				CLANG_WARN_SUSPICIOUS_MOVE = YES;
				CLANG_WARN_UNREACHABLE_CODE = YES;
				CLANG_WARN__DUPLICATE_METHOD_MATCH = YES;
				"CODE_SIGN_IDENTITY[sdk=iphoneos*]" = "iPhone Developer";
				COPY_PHASE_STRIP = NO;
				DEBUG_INFORMATION_FORMAT = dwarf;
				ENABLE_STRICT_OBJC_MSGSEND = YES;
				ENABLE_TESTABILITY = YES;
				GCC_C_LANGUAGE_STANDARD = gnu99;
				GCC_DYNAMIC_NO_PIC = NO;
				GCC_NO_COMMON_BLOCKS = YES;
				GCC_OPTIMIZATION_LEVEL = 0;
				GCC_PREPROCESSOR_DEFINITIONS = (
					"DEBUG=1",
					"$(inherited)",
				);
				GCC_WARN_64_TO_32_BIT_CONVERSION = YES;
				GCC_WARN_ABOUT_RETURN_TYPE = YES_ERROR;
				GCC_WARN_UNDECLARED_SELECTOR = YES;
				GCC_WARN_UNINITIALIZED_AUTOS = YES_AGGRESSIVE;
				GCC_WARN_UNUSED_FUNCTION = YES;
				GCC_WARN_UNUSED_VARIABLE = YES;
				IPHONEOS_DEPLOYMENT_TARGET = 10.2;
				MTL_ENABLE_DEBUG_INFO = YES;
				ONLY_ACTIVE_ARCH = YES;
				SDKROOT = iphoneos;
				SWIFT_ACTIVE_COMPILATION_CONDITIONS = DEBUG;
				SWIFT_OPTIMIZATION_LEVEL = "-Onone";
				TARGETED_DEVICE_FAMILY = "1,2";
			};
			name = Debug;
		};
		2720A6821EB328A000C7B8C7 /* Release */ = {
			isa = XCBuildConfiguration;
			buildSettings = {
				ALWAYS_SEARCH_USER_PATHS = NO;
				CLANG_ANALYZER_NONNULL = YES;
				CLANG_CXX_LANGUAGE_STANDARD = "gnu++0x";
				CLANG_CXX_LIBRARY = "libc++";
				CLANG_ENABLE_MODULES = YES;
				CLANG_ENABLE_OBJC_ARC = YES;
				CLANG_WARN_BLOCK_CAPTURE_AUTORELEASING = YES;
				CLANG_WARN_BOOL_CONVERSION = YES;
				CLANG_WARN_COMMA = YES;
				CLANG_WARN_CONSTANT_CONVERSION = YES;
				CLANG_WARN_DIRECT_OBJC_ISA_USAGE = YES_ERROR;
				CLANG_WARN_DOCUMENTATION_COMMENTS = YES;
				CLANG_WARN_EMPTY_BODY = YES;
				CLANG_WARN_ENUM_CONVERSION = YES;
				CLANG_WARN_INFINITE_RECURSION = YES;
				CLANG_WARN_INT_CONVERSION = YES;
				CLANG_WARN_NON_LITERAL_NULL_CONVERSION = YES;
				CLANG_WARN_OBJC_LITERAL_CONVERSION = YES;
				CLANG_WARN_OBJC_ROOT_CLASS = YES_ERROR;
				CLANG_WARN_RANGE_LOOP_ANALYSIS = YES;
				CLANG_WARN_STRICT_PROTOTYPES = YES;
				CLANG_WARN_SUSPICIOUS_MOVE = YES;
				CLANG_WARN_UNREACHABLE_CODE = YES;
				CLANG_WARN__DUPLICATE_METHOD_MATCH = YES;
				"CODE_SIGN_IDENTITY[sdk=iphoneos*]" = "iPhone Developer";
				COPY_PHASE_STRIP = NO;
				DEBUG_INFORMATION_FORMAT = "dwarf-with-dsym";
				ENABLE_NS_ASSERTIONS = NO;
				ENABLE_STRICT_OBJC_MSGSEND = YES;
				GCC_C_LANGUAGE_STANDARD = gnu99;
				GCC_NO_COMMON_BLOCKS = YES;
				GCC_WARN_64_TO_32_BIT_CONVERSION = YES;
				GCC_WARN_ABOUT_RETURN_TYPE = YES_ERROR;
				GCC_WARN_UNDECLARED_SELECTOR = YES;
				GCC_WARN_UNINITIALIZED_AUTOS = YES_AGGRESSIVE;
				GCC_WARN_UNUSED_FUNCTION = YES;
				GCC_WARN_UNUSED_VARIABLE = YES;
				IPHONEOS_DEPLOYMENT_TARGET = 10.2;
				MTL_ENABLE_DEBUG_INFO = NO;
				SDKROOT = iphoneos;
				SWIFT_OPTIMIZATION_LEVEL = "-Owholemodule";
				TARGETED_DEVICE_FAMILY = "1,2";
				VALIDATE_PRODUCT = YES;
			};
			name = Release;
		};
		2720A6841EB328A000C7B8C7 /* Debug */ = {
			isa = XCBuildConfiguration;
			buildSettings = {
				ASSETCATALOG_COMPILER_APPICON_NAME = AppIcon;
				DEVELOPMENT_TEAM = 3FX78D9U2N;
				INFOPLIST_FILE = practice/Info.plist;
				LD_RUNPATH_SEARCH_PATHS = "$(inherited) @executable_path/Frameworks";
				PRODUCT_BUNDLE_IDENTIFIER = YohanYi.practice;
				PRODUCT_NAME = "$(TARGET_NAME)";
				SWIFT_SWIFT3_OBJC_INFERENCE = On;
				SWIFT_VERSION = 4.0;
			};
			name = Debug;
		};
		2720A6851EB328A000C7B8C7 /* Release */ = {
			isa = XCBuildConfiguration;
			buildSettings = {
				ASSETCATALOG_COMPILER_APPICON_NAME = AppIcon;
				DEVELOPMENT_TEAM = 3FX78D9U2N;
				INFOPLIST_FILE = practice/Info.plist;
				LD_RUNPATH_SEARCH_PATHS = "$(inherited) @executable_path/Frameworks";
				PRODUCT_BUNDLE_IDENTIFIER = YohanYi.practice;
				PRODUCT_NAME = "$(TARGET_NAME)";
				SWIFT_SWIFT3_OBJC_INFERENCE = On;
				SWIFT_VERSION = 4.0;
			};
			name = Release;
		};
/* End XCBuildConfiguration section */

/* Begin XCConfigurationList section */
		2720A66C1EB328A000C7B8C7 /* Build configuration list for PBXProject "practice" */ = {
			isa = XCConfigurationList;
			buildConfigurations = (
				2720A6811EB328A000C7B8C7 /* Debug */,
				2720A6821EB328A000C7B8C7 /* Release */,
			);
			defaultConfigurationIsVisible = 0;
			defaultConfigurationName = Release;
		};
		2720A6831EB328A000C7B8C7 /* Build configuration list for PBXNativeTarget "practice" */ = {
			isa = XCConfigurationList;
			buildConfigurations = (
				2720A6841EB328A000C7B8C7 /* Debug */,
				2720A6851EB328A000C7B8C7 /* Release */,
			);
			defaultConfigurationIsVisible = 0;
			defaultConfigurationName = Release;
		};
/* End XCConfigurationList section */
	};
	rootObject = 2720A6691EB328A000C7B8C7 /* Project object */;
}
